// !$*UTF8*$!
{
	archiveVersion = 1;
	classes = {
	};
	objectVersion = 46;
	objects = {

/* Begin PBXBuildFile section */
		DB1221E81DB4A37400C93138 /* main.m in Sources */ = {isa = PBXBuildFile; fileRef = DB1221E71DB4A37400C93138 /* main.m */; };
		DB1221EB1DB4A37400C93138 /* AppDelegate.m in Sources */ = {isa = PBXBuildFile; fileRef = DB1221EA1DB4A37400C93138 /* AppDelegate.m */; };
		DB1221EE1DB4A37400C93138 /* ViewController.m in Sources */ = {isa = PBXBuildFile; fileRef = DB1221ED1DB4A37400C93138 /* ViewController.m */; };
		DB1221F11DB4A37400C93138 /* Main.storyboard in Resources */ = {isa = PBXBuildFile; fileRef = DB1221EF1DB4A37400C93138 /* Main.storyboard */; };
		DB1221F31DB4A37400C93138 /* Assets.xcassets in Resources */ = {isa = PBXBuildFile; fileRef = DB1221F21DB4A37400C93138 /* Assets.xcassets */; };
		DB1221F61DB4A37400C93138 /* LaunchScreen.storyboard in Resources */ = {isa = PBXBuildFile; fileRef = DB1221F41DB4A37400C93138 /* LaunchScreen.storyboard */; };
		DB1222011DB4A37400C93138 /* bluetoothTests.m in Sources */ = {isa = PBXBuildFile; fileRef = DB1222001DB4A37400C93138 /* bluetoothTests.m */; };
		DB12220C1DB4A37400C93138 /* bluetoothUITests.m in Sources */ = {isa = PBXBuildFile; fileRef = DB12220B1DB4A37400C93138 /* bluetoothUITests.m */; };
/* End PBXBuildFile section */

/* Begin PBXContainerItemProxy section */
		DB1221FD1DB4A37400C93138 /* PBXContainerItemProxy */ = {
			isa = PBXContainerItemProxy;
			containerPortal = DB1221DB1DB4A37400C93138 /* Project object */;
			proxyType = 1;
			remoteGlobalIDString = DB1221E21DB4A37400C93138;
			remoteInfo = bluetooth;
		};
		DB1222081DB4A37400C93138 /* PBXContainerItemProxy */ = {
			isa = PBXContainerItemProxy;
			containerPortal = DB1221DB1DB4A37400C93138 /* Project object */;
			proxyType = 1;
			remoteGlobalIDString = DB1221E21DB4A37400C93138;
			remoteInfo = bluetooth;
		};
/* End PBXContainerItemProxy section */

/* Begin PBXFileReference section */
		DB1221E31DB4A37400C93138 /* bluetooth.app */ = {isa = PBXFileReference; explicitFileType = wrapper.application; includeInIndex = 0; path = bluetooth.app; sourceTree = BUILT_PRODUCTS_DIR; };
		DB1221E71DB4A37400C93138 /* main.m */ = {isa = PBXFileReference; lastKnownFileType = sourcecode.c.objc; path = main.m; sourceTree = "<group>"; };
		DB1221E91DB4A37400C93138 /* AppDelegate.h */ = {isa = PBXFileReference; lastKnownFileType = sourcecode.c.h; path = AppDelegate.h; sourceTree = "<group>"; };
		DB1221EA1DB4A37400C93138 /* AppDelegate.m */ = {isa = PBXFileReference; lastKnownFileType = sourcecode.c.objc; path = AppDelegate.m; sourceTree = "<group>"; };
		DB1221EC1DB4A37400C93138 /* ViewController.h */ = {isa = PBXFileReference; lastKnownFileType = sourcecode.c.h; path = ViewController.h; sourceTree = "<group>"; };
		DB1221ED1DB4A37400C93138 /* ViewController.m */ = {isa = PBXFileReference; lastKnownFileType = sourcecode.c.objc; path = ViewController.m; sourceTree = "<group>"; };
		DB1221F01DB4A37400C93138 /* Base */ = {isa = PBXFileReference; lastKnownFileType = file.storyboard; name = Base; path = Base.lproj/Main.storyboard; sourceTree = "<group>"; };
		DB1221F21DB4A37400C93138 /* Assets.xcassets */ = {isa = PBXFileReference; lastKnownFileType = folder.assetcatalog; path = Assets.xcassets; sourceTree = "<group>"; };
		DB1221F51DB4A37400C93138 /* Base */ = {isa = PBXFileReference; lastKnownFileType = file.storyboard; name = Base; path = Base.lproj/LaunchScreen.storyboard; sourceTree = "<group>"; };
		DB1221F71DB4A37400C93138 /* Info.plist */ = {isa = PBXFileReference; lastKnownFileType = text.plist.xml; path = Info.plist; sourceTree = "<group>"; };
		DB1221FC1DB4A37400C93138 /* bluetoothTests.xctest */ = {isa = PBXFileReference; explicitFileType = wrapper.cfbundle; includeInIndex = 0; path = bluetoothTests.xctest; sourceTree = BUILT_PRODUCTS_DIR; };
		DB1222001DB4A37400C93138 /* bluetoothTests.m */ = {isa = PBXFileReference; lastKnownFileType = sourcecode.c.objc; path = bluetoothTests.m; sourceTree = "<group>"; };
		DB1222021DB4A37400C93138 /* Info.plist */ = {isa = PBXFileReference; lastKnownFileType = text.plist.xml; path = Info.plist; sourceTree = "<group>"; };
		DB1222071DB4A37400C93138 /* bluetoothUITests.xctest */ = {isa = PBXFileReference; explicitFileType = wrapper.cfbundle; includeInIndex = 0; path = bluetoothUITests.xctest; sourceTree = BUILT_PRODUCTS_DIR; };
		DB12220B1DB4A37400C93138 /* bluetoothUITests.m */ = {isa = PBXFileReference; lastKnownFileType = sourcecode.c.objc; path = bluetoothUITests.m; sourceTree = "<group>"; };
		DB12220D1DB4A37400C93138 /* Info.plist */ = {isa = PBXFileReference; lastKnownFileType = text.plist.xml; path = Info.plist; sourceTree = "<group>"; };
/* End PBXFileReference section */

/* Begin PBXFrameworksBuildPhase section */
		DB1221E01DB4A37400C93138 /* Frameworks */ = {
			isa = PBXFrameworksBuildPhase;
			buildActionMask = 2147483647;
			files = (
			);
			runOnlyForDeploymentPostprocessing = 0;
		};
		DB1221F91DB4A37400C93138 /* Frameworks */ = {
			isa = PBXFrameworksBuildPhase;
			buildActionMask = 2147483647;
			files = (
			);
			runOnlyForDeploymentPostprocessing = 0;
		};
		DB1222041DB4A37400C93138 /* Frameworks */ = {
			isa = PBXFrameworksBuildPhase;
			buildActionMask = 2147483647;
			files = (
			);
			runOnlyForDeploymentPostprocessing = 0;
		};
/* End PBXFrameworksBuildPhase section */

/* Begin PBXGroup section */
		DB1221DA1DB4A37400C93138 = {
			isa = PBXGroup;
			children = (
				DB1221E51DB4A37400C93138 /* bluetooth */,
				DB1221FF1DB4A37400C93138 /* bluetoothTests */,
				DB12220A1DB4A37400C93138 /* bluetoothUITests */,
				DB1221E41DB4A37400C93138 /* Products */,
			);
			sourceTree = "<group>";
		};
		DB1221E41DB4A37400C93138 /* Products */ = {
			isa = PBXGroup;
			children = (
				DB1221E31DB4A37400C93138 /* bluetooth.app */,
				DB1221FC1DB4A37400C93138 /* bluetoothTests.xctest */,
				DB1222071DB4A37400C93138 /* bluetoothUITests.xctest */,
			);
			name = Products;
			sourceTree = "<group>";
		};
		DB1221E51DB4A37400C93138 /* bluetooth */ = {
			isa = PBXGroup;
			children = (
				DB1221E91DB4A37400C93138 /* AppDelegate.h */,
				DB1221EA1DB4A37400C93138 /* AppDelegate.m */,
				DB1221EC1DB4A37400C93138 /* ViewController.h */,
				DB1221ED1DB4A37400C93138 /* ViewController.m */,
				DB1221EF1DB4A37400C93138 /* Main.storyboard */,
				DB1221F21DB4A37400C93138 /* Assets.xcassets */,
				DB1221F41DB4A37400C93138 /* LaunchScreen.storyboard */,
				DB1221F71DB4A37400C93138 /* Info.plist */,
				DB1221E61DB4A37400C93138 /* Supporting Files */,
			);
			path = bluetooth;
			sourceTree = "<group>";
		};
		DB1221E61DB4A37400C93138 /* Supporting Files */ = {
			isa = PBXGroup;
			children = (
				DB1221E71DB4A37400C93138 /* main.m */,
			);
			name = "Supporting Files";
			sourceTree = "<group>";
		};
		DB1221FF1DB4A37400C93138 /* bluetoothTests */ = {
			isa = PBXGroup;
			children = (
				DB1222001DB4A37400C93138 /* bluetoothTests.m */,
				DB1222021DB4A37400C93138 /* Info.plist */,
			);
			path = bluetoothTests;
			sourceTree = "<group>";
		};
		DB12220A1DB4A37400C93138 /* bluetoothUITests */ = {
			isa = PBXGroup;
			children = (
				DB12220B1DB4A37400C93138 /* bluetoothUITests.m */,
				DB12220D1DB4A37400C93138 /* Info.plist */,
			);
			path = bluetoothUITests;
			sourceTree = "<group>";
		};
/* End PBXGroup section */

/* Begin PBXNativeTarget section */
		DB1221E21DB4A37400C93138 /* bluetooth */ = {
			isa = PBXNativeTarget;
			buildConfigurationList = DB1222101DB4A37400C93138 /* Build configuration list for PBXNativeTarget "bluetooth" */;
			buildPhases = (
				DB1221DF1DB4A37400C93138 /* Sources */,
				DB1221E01DB4A37400C93138 /* Frameworks */,
				DB1221E11DB4A37400C93138 /* Resources */,
			);
			buildRules = (
			);
			dependencies = (
			);
			name = bluetooth;
			productName = bluetooth;
			productReference = DB1221E31DB4A37400C93138 /* bluetooth.app */;
			productType = "com.apple.product-type.application";
		};
		DB1221FB1DB4A37400C93138 /* bluetoothTests */ = {
			isa = PBXNativeTarget;
			buildConfigurationList = DB1222131DB4A37400C93138 /* Build configuration list for PBXNativeTarget "bluetoothTests" */;
			buildPhases = (
				DB1221F81DB4A37400C93138 /* Sources */,
				DB1221F91DB4A37400C93138 /* Frameworks */,
				DB1221FA1DB4A37400C93138 /* Resources */,
			);
			buildRules = (
			);
			dependencies = (
				DB1221FE1DB4A37400C93138 /* PBXTargetDependency */,
			);
			name = bluetoothTests;
			productName = bluetoothTests;
			productReference = DB1221FC1DB4A37400C93138 /* bluetoothTests.xctest */;
			productType = "com.apple.product-type.bundle.unit-test";
		};
		DB1222061DB4A37400C93138 /* bluetoothUITests */ = {
			isa = PBXNativeTarget;
			buildConfigurationList = DB1222161DB4A37400C93138 /* Build configuration list for PBXNativeTarget "bluetoothUITests" */;
			buildPhases = (
				DB1222031DB4A37400C93138 /* Sources */,
				DB1222041DB4A37400C93138 /* Frameworks */,
				DB1222051DB4A37400C93138 /* Resources */,
			);
			buildRules = (
			);
			dependencies = (
				DB1222091DB4A37400C93138 /* PBXTargetDependency */,
			);
			name = bluetoothUITests;
			productName = bluetoothUITests;
			productReference = DB1222071DB4A37400C93138 /* bluetoothUITests.xctest */;
			productType = "com.apple.product-type.bundle.ui-testing";
		};
/* End PBXNativeTarget section */

/* Begin PBXProject section */
		DB1221DB1DB4A37400C93138 /* Project object */ = {
			isa = PBXProject;
			attributes = {
				LastUpgradeCheck = 0800;
				ORGANIZATIONNAME = "com.i-spk";
				TargetAttributes = {
					DB1221E21DB4A37400C93138 = {
						CreatedOnToolsVersion = 8.0;
						DevelopmentTeam = VP2S9PMZ4Z;
						ProvisioningStyle = Automatic;
					};
					DB1221FB1DB4A37400C93138 = {
						CreatedOnToolsVersion = 8.0;
						DevelopmentTeam = VP2S9PMZ4Z;
						ProvisioningStyle = Automatic;
						TestTargetID = DB1221E21DB4A37400C93138;
					};
					DB1222061DB4A37400C93138 = {
						CreatedOnToolsVersion = 8.0;
						DevelopmentTeam = VP2S9PMZ4Z;
						ProvisioningStyle = Automatic;
						TestTargetID = DB1221E21DB4A37400C93138;
					};
				};
			};
			buildConfigurationList = DB1221DE1DB4A37400C93138 /* Build configuration list for PBXProject "bluetooth" */;
			compatibilityVersion = "Xcode 3.2";
			developmentRegion = English;
			hasScannedForEncodings = 0;
			knownRegions = (
				en,
				Base,
			);
			mainGroup = DB1221DA1DB4A37400C93138;
			productRefGroup = DB1221E41DB4A37400C93138 /* Products */;
			projectDirPath = "";
			projectRoot = "";
			targets = (
				DB1221E21DB4A37400C93138 /* bluetooth */,
				DB1221FB1DB4A37400C93138 /* bluetoothTests */,
				DB1222061DB4A37400C93138 /* bluetoothUITests */,
			);
		};
/* End PBXProject section */

/* Begin PBXResourcesBuildPhase section */
		DB1221E11DB4A37400C93138 /* Resources */ = {
			isa = PBXResourcesBuildPhase;
			buildActionMask = 2147483647;
			files = (
				DB1221F61DB4A37400C93138 /* LaunchScreen.storyboard in Resources */,
				DB1221F31DB4A37400C93138 /* Assets.xcassets in Resources */,
				DB1221F11DB4A37400C93138 /* Main.storyboard in Resources */,
			);
			runOnlyForDeploymentPostprocessing = 0;
		};
		DB1221FA1DB4A37400C93138 /* Resources */ = {
			isa = PBXResourcesBuildPhase;
			buildActionMask = 2147483647;
			files = (
			);
			runOnlyForDeploymentPostprocessing = 0;
		};
		DB1222051DB4A37400C93138 /* Resources */ = {
			isa = PBXResourcesBuildPhase;
			buildActionMask = 2147483647;
			files = (
			);
			runOnlyForDeploymentPostprocessing = 0;
		};
/* End PBXResourcesBuildPhase section */

/* Begin PBXSourcesBuildPhase section */
		DB1221DF1DB4A37400C93138 /* Sources */ = {
			isa = PBXSourcesBuildPhase;
			buildActionMask = 2147483647;
			files = (
				DB1221EE1DB4A37400C93138 /* ViewController.m in Sources */,
				DB1221EB1DB4A37400C93138 /* AppDelegate.m in Sources */,
				DB1221E81DB4A37400C93138 /* main.m in Sources */,
			);
			runOnlyForDeploymentPostprocessing = 0;
		};
		DB1221F81DB4A37400C93138 /* Sources */ = {
			isa = PBXSourcesBuildPhase;
			buildActionMask = 2147483647;
			files = (
				DB1222011DB4A37400C93138 /* bluetoothTests.m in Sources */,
			);
			runOnlyForDeploymentPostprocessing = 0;
		};
		DB1222031DB4A37400C93138 /* Sources */ = {
			isa = PBXSourcesBuildPhase;
			buildActionMask = 2147483647;
			files = (
				DB12220C1DB4A37400C93138 /* bluetoothUITests.m in Sources */,
			);
			runOnlyForDeploymentPostprocessing = 0;
		};
/* End PBXSourcesBuildPhase section */

/* Begin PBXTargetDependency section */
		DB1221FE1DB4A37400C93138 /* PBXTargetDependency */ = {
			isa = PBXTargetDependency;
			target = DB1221E21DB4A37400C93138 /* bluetooth */;
			targetProxy = DB1221FD1DB4A37400C93138 /* PBXContainerItemProxy */;
		};
		DB1222091DB4A37400C93138 /* PBXTargetDependency */ = {
			isa = PBXTargetDependency;
			target = DB1221E21DB4A37400C93138 /* bluetooth */;
			targetProxy = DB1222081DB4A37400C93138 /* PBXContainerItemProxy */;
		};
/* End PBXTargetDependency section */

/* Begin PBXVariantGroup section */
		DB1221EF1DB4A37400C93138 /* Main.storyboard */ = {
			isa = PBXVariantGroup;
			children = (
				DB1221F01DB4A37400C93138 /* Base */,
			);
			name = Main.storyboard;
			sourceTree = "<group>";
		};
		DB1221F41DB4A37400C93138 /* LaunchScreen.storyboard */ = {
			isa = PBXVariantGroup;
			children = (
				DB1221F51DB4A37400C93138 /* Base */,
			);
			name = LaunchScreen.storyboard;
			sourceTree = "<group>";
		};
/* End PBXVariantGroup section */

/* Begin XCBuildConfiguration section */
		DB12220E1DB4A37400C93138 /* Debug */ = {
			isa = XCBuildConfiguration;
			buildSettings = {
				ALWAYS_SEARCH_USER_PATHS = NO;
				CLANG_ANALYZER_NONNULL = YES;
				CLANG_CXX_LANGUAGE_STANDARD = "gnu++0x";
				CLANG_CXX_LIBRARY = "libc++";
				CLANG_ENABLE_MODULES = YES;
				CLANG_ENABLE_OBJC_ARC = YES;
				CLANG_WARN_BOOL_CONVERSION = YES;
				CLANG_WARN_CONSTANT_CONVERSION = YES;
				CLANG_WARN_DIRECT_OBJC_ISA_USAGE = YES_ERROR;
				CLANG_WARN_DOCUMENTATION_COMMENTS = YES;
				CLANG_WARN_EMPTY_BODY = YES;
				CLANG_WARN_ENUM_CONVERSION = YES;
				CLANG_WARN_INFINITE_RECURSION = YES;
				CLANG_WARN_INT_CONVERSION = YES;
				CLANG_WARN_OBJC_ROOT_CLASS = YES_ERROR;
				CLANG_WARN_SUSPICIOUS_MOVES = YES;
				CLANG_WARN_UNREACHABLE_CODE = YES;
				CLANG_WARN__DUPLICATE_METHOD_MATCH = YES;
				"CODE_SIGN_IDENTITY[sdk=iphoneos*]" = "iPhone Developer";
				COPY_PHASE_STRIP = NO;
				DEBUG_INFORMATION_FORMAT = dwarf;
				ENABLE_STRICT_OBJC_MSGSEND = YES;
				ENABLE_TESTABILITY = YES;
				GCC_C_LANGUAGE_STANDARD = gnu99;
				GCC_DYNAMIC_NO_PIC = NO;
				GCC_NO_COMMON_BLOCKS = YES;
				GCC_OPTIMIZATION_LEVEL = 0;
				GCC_PREPROCESSOR_DEFINITIONS = (
					"DEBUG=1",
					"$(inherited)",
				);
				GCC_WARN_64_TO_32_BIT_CONVERSION = YES;
				GCC_WARN_ABOUT_RETURN_TYPE = YES_ERROR;
				GCC_WARN_UNDECLARED_SELECTOR = YES;
				GCC_WARN_UNINITIALIZED_AUTOS = YES_AGGRESSIVE;
				GCC_WARN_UNUSED_FUNCTION = YES;
				GCC_WARN_UNUSED_VARIABLE = YES;
				IPHONEOS_DEPLOYMENT_TARGET = 10.0;
				MTL_ENABLE_DEBUG_INFO = YES;
				ONLY_ACTIVE_ARCH = YES;
				SDKROOT = iphoneos;
			};
			name = Debug;
		};
		DB12220F1DB4A37400C93138 /* Release */ = {
			isa = XCBuildConfiguration;
			buildSettings = {
				ALWAYS_SEARCH_USER_PATHS = NO;
				CLANG_ANALYZER_NONNULL = YES;
				CLANG_CXX_LANGUAGE_STANDARD = "gnu++0x";
				CLANG_CXX_LIBRARY = "libc++";
				CLANG_ENABLE_MODULES = YES;
				CLANG_ENABLE_OBJC_ARC = YES;
				CLANG_WARN_BOOL_CONVERSION = YES;
				CLANG_WARN_CONSTANT_CONVERSION = YES;
				CLANG_WARN_DIRECT_OBJC_ISA_USAGE = YES_ERROR;
				CLANG_WARN_DOCUMENTATION_COMMENTS = YES;
				CLANG_WARN_EMPTY_BODY = YES;
				CLANG_WARN_ENUM_CONVERSION = YES;
				CLANG_WARN_INFINITE_RECURSION = YES;
				CLANG_WARN_INT_CONVERSION = YES;
				CLANG_WARN_OBJC_ROOT_CLASS = YES_ERROR;
				CLANG_WARN_SUSPICIOUS_MOVES = YES;
				CLANG_WARN_UNREACHABLE_CODE = YES;
				CLANG_WARN__DUPLICATE_METHOD_MATCH = YES;
				"CODE_SIGN_IDENTITY[sdk=iphoneos*]" = "iPhone Developer";
				COPY_PHASE_STRIP = NO;
				DEBUG_INFORMATION_FORMAT = "dwarf-with-dsym";
				ENABLE_NS_ASSERTIONS = NO;
				ENABLE_STRICT_OBJC_MSGSEND = YES;
				GCC_C_LANGUAGE_STANDARD = gnu99;
				GCC_NO_COMMON_BLOCKS = YES;
				GCC_WARN_64_TO_32_BIT_CONVERSION = YES;
				GCC_WARN_ABOUT_RETURN_TYPE = YES_ERROR;
				GCC_WARN_UNDECLARED_SELECTOR = YES;
				GCC_WARN_UNINITIALIZED_AUTOS = YES_AGGRESSIVE;
				GCC_WARN_UNUSED_FUNCTION = YES;
				GCC_WARN_UNUSED_VARIABLE = YES;
				IPHONEOS_DEPLOYMENT_TARGET = 10.0;
				MTL_ENABLE_DEBUG_INFO = NO;
				SDKROOT = iphoneos;
				VALIDATE_PRODUCT = YES;
			};
			name = Release;
		};
		DB1222111DB4A37400C93138 /* Debug */ = {
			isa = XCBuildConfiguration;
			buildSettings = {
				ASSETCATALOG_COMPILER_APPICON_NAME = AppIcon;
				DEVELOPMENT_TEAM = VP2S9PMZ4Z;
				INFOPLIST_FILE = bluetooth/Info.plist;
				LD_RUNPATH_SEARCH_PATHS = "$(inherited) @executable_path/Frameworks";
				PRODUCT_BUNDLE_IDENTIFIER = "com.i-spk.bluetooth";
				PRODUCT_NAME = "$(TARGET_NAME)";
			};
			name = Debug;
		};
		DB1222121DB4A37400C93138 /* Release */ = {
			isa = XCBuildConfiguration;
			buildSettings = {
				ASSETCATALOG_COMPILER_APPICON_NAME = AppIcon;
				DEVELOPMENT_TEAM = VP2S9PMZ4Z;
				INFOPLIST_FILE = bluetooth/Info.plist;
				LD_RUNPATH_SEARCH_PATHS = "$(inherited) @executable_path/Frameworks";
				PRODUCT_BUNDLE_IDENTIFIER = "com.i-spk.bluetooth";
				PRODUCT_NAME = "$(TARGET_NAME)";
			};
			name = Release;
		};
		DB1222141DB4A37400C93138 /* Debug */ = {
			isa = XCBuildConfiguration;
			buildSettings = {
				BUNDLE_LOADER = "$(TEST_HOST)";
				DEVELOPMENT_TEAM = VP2S9PMZ4Z;
				INFOPLIST_FILE = bluetoothTests/Info.plist;
				LD_RUNPATH_SEARCH_PATHS = "$(inherited) @executable_path/Frameworks @loader_path/Frameworks";
				PRODUCT_BUNDLE_IDENTIFIER = "com.i-spk.bluetoothTests";
				PRODUCT_NAME = "$(TARGET_NAME)";
				TEST_HOST = "$(BUILT_PRODUCTS_DIR)/bluetooth.app/bluetooth";
			};
			name = Debug;
		};
		DB1222151DB4A37400C93138 /* Release */ = {
			isa = XCBuildConfiguration;
			buildSettings = {
				BUNDLE_LOADER = "$(TEST_HOST)";
				DEVELOPMENT_TEAM = VP2S9PMZ4Z;
				INFOPLIST_FILE = bluetoothTests/Info.plist;
				LD_RUNPATH_SEARCH_PATHS = "$(inherited) @executable_path/Frameworks @loader_path/Frameworks";
				PRODUCT_BUNDLE_IDENTIFIER = "com.i-spk.bluetoothTests";
				PRODUCT_NAME = "$(TARGET_NAME)";
				TEST_HOST = "$(BUILT_PRODUCTS_DIR)/bluetooth.app/bluetooth";
			};
			name = Release;
		};
		DB1222171DB4A37400C93138 /* Debug */ = {
			isa = XCBuildConfiguration;
			buildSettings = {
				DEVELOPMENT_TEAM = VP2S9PMZ4Z;
				INFOPLIST_FILE = bluetoothUITests/Info.plist;
				LD_RUNPATH_SEARCH_PATHS = "$(inherited) @executable_path/Frameworks @loader_path/Frameworks";
				PRODUCT_BUNDLE_IDENTIFIER = "com.i-spk.bluetoothUITests";
				PRODUCT_NAME = "$(TARGET_NAME)";
				TEST_TARGET_NAME = bluetooth;
			};
			name = Debug;
		};
		DB1222181DB4A37400C93138 /* Release */ = {
			isa = XCBuildConfiguration;
			buildSettings = {
				DEVELOPMENT_TEAM = VP2S9PMZ4Z;
				INFOPLIST_FILE = bluetoothUITests/Info.plist;
				LD_RUNPATH_SEARCH_PATHS = "$(inherited) @executable_path/Frameworks @loader_path/Frameworks";
				PRODUCT_BUNDLE_IDENTIFIER = "com.i-spk.bluetoothUITests";
				PRODUCT_NAME = "$(TARGET_NAME)";
				TEST_TARGET_NAME = bluetooth;
			};
			name = Release;
		};
/* End XCBuildConfiguration section */

/* Begin XCConfigurationList section */
		DB1221DE1DB4A37400C93138 /* Build configuration list for PBXProject "bluetooth" */ = {
			isa = XCConfigurationList;
			buildConfigurations = (
				DB12220E1DB4A37400C93138 /* Debug */,
				DB12220F1DB4A37400C93138 /* Release */,
			);
			defaultConfigurationIsVisible = 0;
			defaultConfigurationName = Release;
		};
		DB1222101DB4A37400C93138 /* Build configuration list for PBXNativeTarget "bluetooth" */ = {
			isa = XCConfigurationList;
			buildConfigurations = (
				DB1222111DB4A37400C93138 /* Debug */,
				DB1222121DB4A37400C93138 /* Release */,
			);
			defaultConfigurationIsVisible = 0;
		};
		DB1222131DB4A37400C93138 /* Build configuration list for PBXNativeTarget "bluetoothTests" */ = {
			isa = XCConfigurationList;
			buildConfigurations = (
				DB1222141DB4A37400C93138 /* Debug */,
				DB1222151DB4A37400C93138 /* Release */,
			);
			defaultConfigurationIsVisible = 0;
		};
		DB1222161DB4A37400C93138 /* Build configuration list for PBXNativeTarget "bluetoothUITests" */ = {
			isa = XCConfigurationList;
			buildConfigurations = (
				DB1222171DB4A37400C93138 /* Debug */,
				DB1222181DB4A37400C93138 /* Release */,
			);
			defaultConfigurationIsVisible = 0;
		};
/* End XCConfigurationList section */
	};
	rootObject = DB1221DB1DB4A37400C93138 /* Project object */;
}
